{
	"name": "backupsystem",
	"version": "1.0.0",
	"lockfileVersion": 2,
	"requires": true,
	"packages": {
		"": {
			"name": "backupsystem",
			"version": "1.0.0",
			"license": "ISC",
			"dependencies": {
				"@jodu555/commandmanager": "^1.2.0"
			}
		},
		"node_modules/@jodu555/commandmanager": {
			"version": "1.2.0",
			"resolved": "https://registry.npmjs.org/@jodu555/commandmanager/-/commandmanager-1.2.0.tgz",
			"integrity": "sha512-VvLkAK2WmOEvs86Rn1EKgCHtZX/JH7IDT/86/htztFahfnf4fK0672/8k+cJF2YuCQRn5rMAT09LC6HXK2JM4Q==",
			"dependencies": {
				"readline": "^1.3.0"
			}
		},
		"node_modules/readline": {
			"version": "1.3.0",
			"resolved": "https://registry.npmjs.org/readline/-/readline-1.3.0.tgz",
			"integrity": "sha1-xYDXfvLPyHUrEySYBg3JeTp6wBw="
		}
	},
	"dependencies": {
		"@jodu555/commandmanager": {
			"version": "1.2.0",
			"resolved": "https://registry.npmjs.org/@jodu555/commandmanager/-/commandmanager-1.2.0.tgz",
			"integrity": "sha512-VvLkAK2WmOEvs86Rn1EKgCHtZX/JH7IDT/86/htztFahfnf4fK0672/8k+cJF2YuCQRn5rMAT09LC6HXK2JM4Q==",
			"requires": {
				"readline": "^1.3.0"
			}
		},
		"readline": {
			"version": "1.3.0",
			"resolved": "https://registry.npmjs.org/readline/-/readline-1.3.0.tgz",
			"integrity": "sha1-xYDXfvLPyHUrEySYBg3JeTp6wBw="
		}
	}
}
