{
  "name": "backupsystem",
  "version": "1.0.0",
  "lockfileVersion": 2,
  "requires": true,
  "packages": {
    "": {
      "name": "backupsystem",
      "version": "1.0.0",
      "license": "ISC",
      "dependencies": {
        "@jodu555/commandmanager": "^1.1.0"
      }
    },
    "node_modules/@jodu555/commandmanager": {
      "version": "1.1.0",
      "resolved": "https://registry.npmjs.org/@jodu555/commandmanager/-/commandmanager-1.1.0.tgz",
      "integrity": "sha512-EB4kP9dazQi19A0W4S/XkpgLoYr3+Hwnc6br9UjeBZIqJobS33x178gpViNJQX9AH5MqjoUl59tXjO0J7inQLg==",
      "dependencies": {
        "readline": "^1.3.0"
      }
    },
    "node_modules/readline": {
      "version": "1.3.0",
      "resolved": "https://registry.npmjs.org/readline/-/readline-1.3.0.tgz",
      "integrity": "sha1-xYDXfvLPyHUrEySYBg3JeTp6wBw="
    }
  },
  "dependencies": {
    "@jodu555/commandmanager": {
      "version": "1.1.0",
      "resolved": "https://registry.npmjs.org/@jodu555/commandmanager/-/commandmanager-1.1.0.tgz",
      "integrity": "sha512-EB4kP9dazQi19A0W4S/XkpgLoYr3+Hwnc6br9UjeBZIqJobS33x178gpViNJQX9AH5MqjoUl59tXjO0J7inQLg==",
      "requires": {
        "readline": "^1.3.0"
      }
    },
    "readline": {
      "version": "1.3.0",
      "resolved": "https://registry.npmjs.org/readline/-/readline-1.3.0.tgz",
      "integrity": "sha1-xYDXfvLPyHUrEySYBg3JeTp6wBw="
    }
  }
}
